// !$*UTF8*$!
{
	archiveVersion = 1;
	classes = {
	};
	objectVersion = 50;
	objects = {

/* Begin PBXBuildFile section */
		18E89FB71CC8CB5B65E1B780 /* Pods_Mysterious.framework in Frameworks */ = {isa = PBXBuildFile; fileRef = E26B45CC527B4AD848B16C0C /* Pods_Mysterious.framework */; };
		96D676AD22CF7D990036CD85 /* DetailMessageViewController.swift in Sources */ = {isa = PBXBuildFile; fileRef = 96D676AC22CF7D990036CD85 /* DetailMessageViewController.swift */; };
		96D676B122D336550036CD85 /* TimeViewController.swift in Sources */ = {isa = PBXBuildFile; fileRef = 96D676B022D336550036CD85 /* TimeViewController.swift */; };
		96D676B422D43D720036CD85 /* UtilityTableViewCell.swift in Sources */ = {isa = PBXBuildFile; fileRef = 96D676B222D43D720036CD85 /* UtilityTableViewCell.swift */; };
		96D676B522D43D720036CD85 /* UtilityTableViewCell.xib in Resources */ = {isa = PBXBuildFile; fileRef = 96D676B322D43D720036CD85 /* UtilityTableViewCell.xib */; };
		96D676B822D440700036CD85 /* MessageTableViewCell.swift in Sources */ = {isa = PBXBuildFile; fileRef = 96D676B622D440700036CD85 /* MessageTableViewCell.swift */; };
		96D676B922D440700036CD85 /* MessageTableViewCell.xib in Resources */ = {isa = PBXBuildFile; fileRef = 96D676B722D440700036CD85 /* MessageTableViewCell.xib */; };
		96D676BB22D451870036CD85 /* Tickets.swift in Sources */ = {isa = PBXBuildFile; fileRef = 96D676BA22D451870036CD85 /* Tickets.swift */; };
		96D676BF22D45B390036CD85 /* AddTicketViewController.swift in Sources */ = {isa = PBXBuildFile; fileRef = 96D676BE22D45B390036CD85 /* AddTicketViewController.swift */; };
		96D676C322D5FB460036CD85 /* MFJunYa_Noncommercial-Regular.ttf in Resources */ = {isa = PBXBuildFile; fileRef = 96D676C222D5FB310036CD85 /* MFJunYa_Noncommercial-Regular.ttf */; };
		96D79574229FC97300F4FF52 /* GoogleService-Info.plist in Resources */ = {isa = PBXBuildFile; fileRef = 96D79573229FC97300F4FF52 /* GoogleService-Info.plist */; };
		96E1BED5229FCC4000EF975E /* LoginViewController.swift in Sources */ = {isa = PBXBuildFile; fileRef = 96E1BED4229FCC4000EF975E /* LoginViewController.swift */; };
		96E1BED7229FEF6E00EF975E /* Message.swift in Sources */ = {isa = PBXBuildFile; fileRef = 96E1BED6229FEF6E00EF975E /* Message.swift */; };
		96E1BED922A006B000EF975E /* AddMessageViewController.swift in Sources */ = {isa = PBXBuildFile; fileRef = 96E1BED822A006B000EF975E /* AddMessageViewController.swift */; };
		96F3DB2F229F9143005E8A19 /* AppDelegate.swift in Sources */ = {isa = PBXBuildFile; fileRef = 96F3DB2E229F9143005E8A19 /* AppDelegate.swift */; };
		96F3DB31229F9143005E8A19 /* TicketViewController.swift in Sources */ = {isa = PBXBuildFile; fileRef = 96F3DB30229F9143005E8A19 /* TicketViewController.swift */; };
		96F3DB34229F9143005E8A19 /* Main.storyboard in Resources */ = {isa = PBXBuildFile; fileRef = 96F3DB32229F9143005E8A19 /* Main.storyboard */; };
		96F3DB36229F9144005E8A19 /* Assets.xcassets in Resources */ = {isa = PBXBuildFile; fileRef = 96F3DB35229F9144005E8A19 /* Assets.xcassets */; };
		96F3DB39229F9144005E8A19 /* LaunchScreen.storyboard in Resources */ = {isa = PBXBuildFile; fileRef = 96F3DB37229F9144005E8A19 /* LaunchScreen.storyboard */; };
		96F3DB42229FC4FA005E8A19 /* MessageViewController.swift in Sources */ = {isa = PBXBuildFile; fileRef = 96F3DB41229FC4FA005E8A19 /* MessageViewController.swift */; };
/* End PBXBuildFile section */

/* Begin PBXFileReference section */
		06CC211595ACE203C5AB03D7 /* Pods-Mysterious.release.xcconfig */ = {isa = PBXFileReference; includeInIndex = 1; lastKnownFileType = text.xcconfig; name = "Pods-Mysterious.release.xcconfig"; path = "Target Support Files/Pods-Mysterious/Pods-Mysterious.release.xcconfig"; sourceTree = "<group>"; };
		96D676AC22CF7D990036CD85 /* DetailMessageViewController.swift */ = {isa = PBXFileReference; lastKnownFileType = sourcecode.swift; path = DetailMessageViewController.swift; sourceTree = "<group>"; };
		96D676AF22D32A710036CD85 /* MyPlayground.playground */ = {isa = PBXFileReference; lastKnownFileType = file.playground; path = MyPlayground.playground; sourceTree = "<group>"; xcLanguageSpecificationIdentifier = xcode.lang.swift; };
		96D676B022D336550036CD85 /* TimeViewController.swift */ = {isa = PBXFileReference; lastKnownFileType = sourcecode.swift; path = TimeViewController.swift; sourceTree = "<group>"; };
		96D676B222D43D720036CD85 /* UtilityTableViewCell.swift */ = {isa = PBXFileReference; lastKnownFileType = sourcecode.swift; path = UtilityTableViewCell.swift; sourceTree = "<group>"; };
		96D676B322D43D720036CD85 /* UtilityTableViewCell.xib */ = {isa = PBXFileReference; lastKnownFileType = file.xib; path = UtilityTableViewCell.xib; sourceTree = "<group>"; };
		96D676B622D440700036CD85 /* MessageTableViewCell.swift */ = {isa = PBXFileReference; lastKnownFileType = sourcecode.swift; path = MessageTableViewCell.swift; sourceTree = "<group>"; };
		96D676B722D440700036CD85 /* MessageTableViewCell.xib */ = {isa = PBXFileReference; lastKnownFileType = file.xib; path = MessageTableViewCell.xib; sourceTree = "<group>"; };
		96D676BA22D451870036CD85 /* Tickets.swift */ = {isa = PBXFileReference; lastKnownFileType = sourcecode.swift; path = Tickets.swift; sourceTree = "<group>"; };
		96D676BE22D45B390036CD85 /* AddTicketViewController.swift */ = {isa = PBXFileReference; lastKnownFileType = sourcecode.swift; path = AddTicketViewController.swift; sourceTree = "<group>"; };
		96D676C222D5FB310036CD85 /* MFJunYa_Noncommercial-Regular.ttf */ = {isa = PBXFileReference; lastKnownFileType = file; name = "MFJunYa_Noncommercial-Regular.ttf"; path = "../../../Documents/Resource/Fonts/MFJunYa_Noncommercial-Regular.ttf/MFJunYa_Noncommercial-Regular.ttf"; sourceTree = "<group>"; };
		96D79573229FC97300F4FF52 /* GoogleService-Info.plist */ = {isa = PBXFileReference; fileEncoding = 4; lastKnownFileType = text.plist.xml; path = "GoogleService-Info.plist"; sourceTree = "<group>"; };
		96E1BED4229FCC4000EF975E /* LoginViewController.swift */ = {isa = PBXFileReference; lastKnownFileType = sourcecode.swift; path = LoginViewController.swift; sourceTree = "<group>"; };
		96E1BED6229FEF6E00EF975E /* Message.swift */ = {isa = PBXFileReference; lastKnownFileType = sourcecode.swift; path = Message.swift; sourceTree = "<group>"; };
		96E1BED822A006B000EF975E /* AddMessageViewController.swift */ = {isa = PBXFileReference; lastKnownFileType = sourcecode.swift; path = AddMessageViewController.swift; sourceTree = "<group>"; };
		96F3DB2B229F9143005E8A19 /* Mysterious.app */ = {isa = PBXFileReference; explicitFileType = wrapper.application; includeInIndex = 0; path = Mysterious.app; sourceTree = BUILT_PRODUCTS_DIR; };
		96F3DB2E229F9143005E8A19 /* AppDelegate.swift */ = {isa = PBXFileReference; lastKnownFileType = sourcecode.swift; path = AppDelegate.swift; sourceTree = "<group>"; };
		96F3DB30229F9143005E8A19 /* TicketViewController.swift */ = {isa = PBXFileReference; lastKnownFileType = sourcecode.swift; path = TicketViewController.swift; sourceTree = "<group>"; };
		96F3DB33229F9143005E8A19 /* Base */ = {isa = PBXFileReference; lastKnownFileType = file.storyboard; name = Base; path = Base.lproj/Main.storyboard; sourceTree = "<group>"; };
		96F3DB35229F9144005E8A19 /* Assets.xcassets */ = {isa = PBXFileReference; lastKnownFileType = folder.assetcatalog; path = Assets.xcassets; sourceTree = "<group>"; };
		96F3DB38229F9144005E8A19 /* Base */ = {isa = PBXFileReference; lastKnownFileType = file.storyboard; name = Base; path = Base.lproj/LaunchScreen.storyboard; sourceTree = "<group>"; };
		96F3DB3A229F9144005E8A19 /* Info.plist */ = {isa = PBXFileReference; lastKnownFileType = text.plist.xml; path = Info.plist; sourceTree = "<group>"; };
		96F3DB41229FC4FA005E8A19 /* MessageViewController.swift */ = {isa = PBXFileReference; lastKnownFileType = sourcecode.swift; path = MessageViewController.swift; sourceTree = "<group>"; };
		DC62DC1756DCD4DDEC6B8D4F /* Pods-Mysterious.debug.xcconfig */ = {isa = PBXFileReference; includeInIndex = 1; lastKnownFileType = text.xcconfig; name = "Pods-Mysterious.debug.xcconfig"; path = "Target Support Files/Pods-Mysterious/Pods-Mysterious.debug.xcconfig"; sourceTree = "<group>"; };
		E26B45CC527B4AD848B16C0C /* Pods_Mysterious.framework */ = {isa = PBXFileReference; explicitFileType = wrapper.framework; includeInIndex = 0; path = Pods_Mysterious.framework; sourceTree = BUILT_PRODUCTS_DIR; };
/* End PBXFileReference section */

/* Begin PBXFrameworksBuildPhase section */
		96F3DB28229F9143005E8A19 /* Frameworks */ = {
			isa = PBXFrameworksBuildPhase;
			buildActionMask = 2147483647;
			files = (
				18E89FB71CC8CB5B65E1B780 /* Pods_Mysterious.framework in Frameworks */,
			);
			runOnlyForDeploymentPostprocessing = 0;
		};
/* End PBXFrameworksBuildPhase section */

/* Begin PBXGroup section */
		589493F148E242294A284863 /* Frameworks */ = {
			isa = PBXGroup;
			children = (
				E26B45CC527B4AD848B16C0C /* Pods_Mysterious.framework */,
			);
			name = Frameworks;
			sourceTree = "<group>";
		};
		96D676BC22D452080036CD85 /* Classes */ = {
			isa = PBXGroup;
			children = (
				96E1BED6229FEF6E00EF975E /* Message.swift */,
				96D676BA22D451870036CD85 /* Tickets.swift */,
			);
			path = Classes;
			sourceTree = "<group>";
		};
		96D676BD22D4521F0036CD85 /* Custom Cells */ = {
			isa = PBXGroup;
			children = (
				96D676B222D43D720036CD85 /* UtilityTableViewCell.swift */,
				96D676B322D43D720036CD85 /* UtilityTableViewCell.xib */,
				96D676B622D440700036CD85 /* MessageTableViewCell.swift */,
				96D676B722D440700036CD85 /* MessageTableViewCell.xib */,
			);
			path = "Custom Cells";
			sourceTree = "<group>";
		};
		96F3DB22229F9143005E8A19 = {
			isa = PBXGroup;
			children = (
				96F3DB2D229F9143005E8A19 /* Mysterious */,
				96F3DB2C229F9143005E8A19 /* Products */,
				F9C4D7861DE4F3D6BF5F806B /* Pods */,
				589493F148E242294A284863 /* Frameworks */,
			);
			sourceTree = "<group>";
		};
		96F3DB2C229F9143005E8A19 /* Products */ = {
			isa = PBXGroup;
			children = (
				96F3DB2B229F9143005E8A19 /* Mysterious.app */,
			);
			name = Products;
			sourceTree = "<group>";
		};
		96F3DB2D229F9143005E8A19 /* Mysterious */ = {
			isa = PBXGroup;
			children = (
				96F3DB32229F9143005E8A19 /* Main.storyboard */,
				96D676BD22D4521F0036CD85 /* Custom Cells */,
				96D676BC22D452080036CD85 /* Classes */,
				96F3DB40229FC4D2005E8A19 /* View Controllers */,
				96F3DB2E229F9143005E8A19 /* AppDelegate.swift */,
				96F3DB35229F9144005E8A19 /* Assets.xcassets */,
				96F3DB37229F9144005E8A19 /* LaunchScreen.storyboard */,
				96F3DB3A229F9144005E8A19 /* Info.plist */,
				96D79573229FC97300F4FF52 /* GoogleService-Info.plist */,
				96D676C222D5FB310036CD85 /* MFJunYa_Noncommercial-Regular.ttf */,
				96D676AF22D32A710036CD85 /* MyPlayground.playground */,
			);
			path = Mysterious;
			sourceTree = "<group>";
		};
		96F3DB40229FC4D2005E8A19 /* View Controllers */ = {
			isa = PBXGroup;
			children = (
				96E1BED4229FCC4000EF975E /* LoginViewController.swift */,
				96F3DB30229F9143005E8A19 /* TicketViewController.swift */,
				96D676BE22D45B390036CD85 /* AddTicketViewController.swift */,
				96D676B022D336550036CD85 /* TimeViewController.swift */,
				96F3DB41229FC4FA005E8A19 /* MessageViewController.swift */,
				96E1BED822A006B000EF975E /* AddMessageViewController.swift */,
				96D676AC22CF7D990036CD85 /* DetailMessageViewController.swift */,
			);
			path = "View Controllers";
			sourceTree = "<group>";
		};
		F9C4D7861DE4F3D6BF5F806B /* Pods */ = {
			isa = PBXGroup;
			children = (
				DC62DC1756DCD4DDEC6B8D4F /* Pods-Mysterious.debug.xcconfig */,
				06CC211595ACE203C5AB03D7 /* Pods-Mysterious.release.xcconfig */,
			);
			path = Pods;
			sourceTree = "<group>";
		};
/* End PBXGroup section */

/* Begin PBXNativeTarget section */
		96F3DB2A229F9143005E8A19 /* Mysterious */ = {
			isa = PBXNativeTarget;
			buildConfigurationList = 96F3DB3D229F9144005E8A19 /* Build configuration list for PBXNativeTarget "Mysterious" */;
			buildPhases = (
				61658D72891F919840125821 /* [CP] Check Pods Manifest.lock */,
				96F3DB27229F9143005E8A19 /* Sources */,
				96F3DB28229F9143005E8A19 /* Frameworks */,
				96F3DB29229F9143005E8A19 /* Resources */,
				70AEDC21F53293597E52E2A8 /* [CP] Embed Pods Frameworks */,
			);
			buildRules = (
			);
			dependencies = (
			);
			name = Mysterious;
			productName = Mysterious;
			productReference = 96F3DB2B229F9143005E8A19 /* Mysterious.app */;
			productType = "com.apple.product-type.application";
		};
/* End PBXNativeTarget section */

/* Begin PBXProject section */
		96F3DB23229F9143005E8A19 /* Project object */ = {
			isa = PBXProject;
			attributes = {
				LastSwiftUpdateCheck = 1000;
				LastUpgradeCheck = 1000;
				ORGANIZATIONNAME = "Kaifan Wei";
				TargetAttributes = {
					96F3DB2A229F9143005E8A19 = {
						CreatedOnToolsVersion = 10.0;
					};
				};
			};
			buildConfigurationList = 96F3DB26229F9143005E8A19 /* Build configuration list for PBXProject "Mysterious" */;
			compatibilityVersion = "Xcode 9.3";
			developmentRegion = en;
			hasScannedForEncodings = 0;
			knownRegions = (
				en,
				Base,
			);
			mainGroup = 96F3DB22229F9143005E8A19;
			productRefGroup = 96F3DB2C229F9143005E8A19 /* Products */;
			projectDirPath = "";
			projectRoot = "";
			targets = (
				96F3DB2A229F9143005E8A19 /* Mysterious */,
			);
		};
/* End PBXProject section */

/* Begin PBXResourcesBuildPhase section */
		96F3DB29229F9143005E8A19 /* Resources */ = {
			isa = PBXResourcesBuildPhase;
			buildActionMask = 2147483647;
			files = (
				96D676C322D5FB460036CD85 /* MFJunYa_Noncommercial-Regular.ttf in Resources */,
				96F3DB39229F9144005E8A19 /* LaunchScreen.storyboard in Resources */,
				96D676B922D440700036CD85 /* MessageTableViewCell.xib in Resources */,
				96D79574229FC97300F4FF52 /* GoogleService-Info.plist in Resources */,
				96D676B522D43D720036CD85 /* UtilityTableViewCell.xib in Resources */,
				96F3DB36229F9144005E8A19 /* Assets.xcassets in Resources */,
				96F3DB34229F9143005E8A19 /* Main.storyboard in Resources */,
			);
			runOnlyForDeploymentPostprocessing = 0;
		};
/* End PBXResourcesBuildPhase section */

/* Begin PBXShellScriptBuildPhase section */
		61658D72891F919840125821 /* [CP] Check Pods Manifest.lock */ = {
			isa = PBXShellScriptBuildPhase;
			buildActionMask = 2147483647;
			files = (
			);
			inputFileListPaths = (
			);
			inputPaths = (
				"${PODS_PODFILE_DIR_PATH}/Podfile.lock",
				"${PODS_ROOT}/Manifest.lock",
			);
			name = "[CP] Check Pods Manifest.lock";
			outputFileListPaths = (
			);
			outputPaths = (
				"$(DERIVED_FILE_DIR)/Pods-Mysterious-checkManifestLockResult.txt",
			);
			runOnlyForDeploymentPostprocessing = 0;
			shellPath = /bin/sh;
			shellScript = "diff \"${PODS_PODFILE_DIR_PATH}/Podfile.lock\" \"${PODS_ROOT}/Manifest.lock\" > /dev/null\nif [ $? != 0 ] ; then\n    # print error to STDERR\n    echo \"error: The sandbox is not in sync with the Podfile.lock. Run 'pod install' or update your CocoaPods installation.\" >&2\n    exit 1\nfi\n# This output is used by Xcode 'outputs' to avoid re-running this script phase.\necho \"SUCCESS\" > \"${SCRIPT_OUTPUT_FILE_0}\"\n";
			showEnvVarsInLog = 0;
		};
		70AEDC21F53293597E52E2A8 /* [CP] Embed Pods Frameworks */ = {
			isa = PBXShellScriptBuildPhase;
			buildActionMask = 2147483647;
			files = (
			);
			inputFileListPaths = (
			);
			inputPaths = (
				"${PODS_ROOT}/Target Support Files/Pods-Mysterious/Pods-Mysterious-frameworks.sh",
				"${BUILT_PRODUCTS_DIR}/GTMSessionFetcher/GTMSessionFetcher.framework",
				"${BUILT_PRODUCTS_DIR}/GoogleUtilities/GoogleUtilities.framework",
				"${BUILT_PRODUCTS_DIR}/leveldb-library/leveldb.framework",
				"${BUILT_PRODUCTS_DIR}/nanopb/nanopb.framework",
			);
			name = "[CP] Embed Pods Frameworks";
			outputFileListPaths = (
			);
			outputPaths = (
				"${TARGET_BUILD_DIR}/${FRAMEWORKS_FOLDER_PATH}/GTMSessionFetcher.framework",
				"${TARGET_BUILD_DIR}/${FRAMEWORKS_FOLDER_PATH}/GoogleUtilities.framework",
				"${TARGET_BUILD_DIR}/${FRAMEWORKS_FOLDER_PATH}/leveldb.framework",
				"${TARGET_BUILD_DIR}/${FRAMEWORKS_FOLDER_PATH}/nanopb.framework",
			);
			runOnlyForDeploymentPostprocessing = 0;
			shellPath = /bin/sh;
			shellScript = "\"${PODS_ROOT}/Target Support Files/Pods-Mysterious/Pods-Mysterious-frameworks.sh\"\n";
			showEnvVarsInLog = 0;
		};
/* End PBXShellScriptBuildPhase section */

/* Begin PBXSourcesBuildPhase section */
		96F3DB27229F9143005E8A19 /* Sources */ = {
			isa = PBXSourcesBuildPhase;
			buildActionMask = 2147483647;
			files = (
				96E1BED922A006B000EF975E /* AddMessageViewController.swift in Sources */,
				96D676B122D336550036CD85 /* TimeViewController.swift in Sources */,
				96E1BED5229FCC4000EF975E /* LoginViewController.swift in Sources */,
				96D676B822D440700036CD85 /* MessageTableViewCell.swift in Sources */,
				96F3DB31229F9143005E8A19 /* TicketViewController.swift in Sources */,
				96E1BED7229FEF6E00EF975E /* Message.swift in Sources */,
				96D676AD22CF7D990036CD85 /* DetailMessageViewController.swift in Sources */,
				96F3DB42229FC4FA005E8A19 /* MessageViewController.swift in Sources */,
				96D676BF22D45B390036CD85 /* AddTicketViewController.swift in Sources */,
				96D676BB22D451870036CD85 /* Tickets.swift in Sources */,
				96D676B422D43D720036CD85 /* UtilityTableViewCell.swift in Sources */,
				96F3DB2F229F9143005E8A19 /* AppDelegate.swift in Sources */,
			);
			runOnlyForDeploymentPostprocessing = 0;
		};
/* End PBXSourcesBuildPhase section */

/* Begin PBXVariantGroup section */
		96F3DB32229F9143005E8A19 /* Main.storyboard */ = {
			isa = PBXVariantGroup;
			children = (
				96F3DB33229F9143005E8A19 /* Base */,
			);
			name = Main.storyboard;
			sourceTree = "<group>";
		};
		96F3DB37229F9144005E8A19 /* LaunchScreen.storyboard */ = {
			isa = PBXVariantGroup;
			children = (
				96F3DB38229F9144005E8A19 /* Base */,
			);
			name = LaunchScreen.storyboard;
			sourceTree = "<group>";
		};
/* End PBXVariantGroup section */

/* Begin XCBuildConfiguration section */
		96F3DB3B229F9144005E8A19 /* Debug */ = {
			isa = XCBuildConfiguration;
			buildSettings = {
				ALWAYS_SEARCH_USER_PATHS = NO;
				CLANG_ANALYZER_NONNULL = YES;
				CLANG_ANALYZER_NUMBER_OBJECT_CONVERSION = YES_AGGRESSIVE;
				CLANG_CXX_LANGUAGE_STANDARD = "gnu++14";
				CLANG_CXX_LIBRARY = "libc++";
				CLANG_ENABLE_MODULES = YES;
				CLANG_ENABLE_OBJC_ARC = YES;
				CLANG_ENABLE_OBJC_WEAK = YES;
				CLANG_WARN_BLOCK_CAPTURE_AUTORELEASING = YES;
				CLANG_WARN_BOOL_CONVERSION = YES;
				CLANG_WARN_COMMA = YES;
				CLANG_WARN_CONSTANT_CONVERSION = YES;
				CLANG_WARN_DEPRECATED_OBJC_IMPLEMENTATIONS = YES;
				CLANG_WARN_DIRECT_OBJC_ISA_USAGE = YES_ERROR;
				CLANG_WARN_DOCUMENTATION_COMMENTS = YES;
				CLANG_WARN_EMPTY_BODY = YES;
				CLANG_WARN_ENUM_CONVERSION = YES;
				CLANG_WARN_INFINITE_RECURSION = YES;
				CLANG_WARN_INT_CONVERSION = YES;
				CLANG_WARN_NON_LITERAL_NULL_CONVERSION = YES;
				CLANG_WARN_OBJC_IMPLICIT_RETAIN_SELF = YES;
				CLANG_WARN_OBJC_LITERAL_CONVERSION = YES;
				CLANG_WARN_OBJC_ROOT_CLASS = YES_ERROR;
				CLANG_WARN_RANGE_LOOP_ANALYSIS = YES;
				CLANG_WARN_STRICT_PROTOTYPES = YES;
				CLANG_WARN_SUSPICIOUS_MOVE = YES;
				CLANG_WARN_UNGUARDED_AVAILABILITY = YES_AGGRESSIVE;
				CLANG_WARN_UNREACHABLE_CODE = YES;
				CLANG_WARN__DUPLICATE_METHOD_MATCH = YES;
				CODE_SIGN_IDENTITY = "iPhone Developer";
				COPY_PHASE_STRIP = NO;
				DEBUG_INFORMATION_FORMAT = dwarf;
				ENABLE_STRICT_OBJC_MSGSEND = YES;
				ENABLE_TESTABILITY = YES;
				GCC_C_LANGUAGE_STANDARD = gnu11;
				GCC_DYNAMIC_NO_PIC = NO;
				GCC_NO_COMMON_BLOCKS = YES;
				GCC_OPTIMIZATION_LEVEL = 0;
				GCC_PREPROCESSOR_DEFINITIONS = (
					"DEBUG=1",
					"$(inherited)",
				);
				GCC_WARN_64_TO_32_BIT_CONVERSION = YES;
				GCC_WARN_ABOUT_RETURN_TYPE = YES_ERROR;
				GCC_WARN_UNDECLARED_SELECTOR = YES;
				GCC_WARN_UNINITIALIZED_AUTOS = YES_AGGRESSIVE;
				GCC_WARN_UNUSED_FUNCTION = YES;
				GCC_WARN_UNUSED_VARIABLE = YES;
				IPHONEOS_DEPLOYMENT_TARGET = 12.0;
				MTL_ENABLE_DEBUG_INFO = INCLUDE_SOURCE;
				MTL_FAST_MATH = YES;
				ONLY_ACTIVE_ARCH = YES;
				SDKROOT = iphoneos;
				SWIFT_ACTIVE_COMPILATION_CONDITIONS = DEBUG;
				SWIFT_OPTIMIZATION_LEVEL = "-Onone";
			};
			name = Debug;
		};
		96F3DB3C229F9144005E8A19 /* Release */ = {
			isa = XCBuildConfiguration;
			buildSettings = {
				ALWAYS_SEARCH_USER_PATHS = NO;
				CLANG_ANALYZER_NONNULL = YES;
				CLANG_ANALYZER_NUMBER_OBJECT_CONVERSION = YES_AGGRESSIVE;
				CLANG_CXX_LANGUAGE_STANDARD = "gnu++14";
				CLANG_CXX_LIBRARY = "libc++";
				CLANG_ENABLE_MODULES = YES;
				CLANG_ENABLE_OBJC_ARC = YES;
				CLANG_ENABLE_OBJC_WEAK = YES;
				CLANG_WARN_BLOCK_CAPTURE_AUTORELEASING = YES;
				CLANG_WARN_BOOL_CONVERSION = YES;
				CLANG_WARN_COMMA = YES;
				CLANG_WARN_CONSTANT_CONVERSION = YES;
				CLANG_WARN_DEPRECATED_OBJC_IMPLEMENTATIONS = YES;
				CLANG_WARN_DIRECT_OBJC_ISA_USAGE = YES_ERROR;
				CLANG_WARN_DOCUMENTATION_COMMENTS = YES;
				CLANG_WARN_EMPTY_BODY = YES;
				CLANG_WARN_ENUM_CONVERSION = YES;
				CLANG_WARN_INFINITE_RECURSION = YES;
				CLANG_WARN_INT_CONVERSION = YES;
				CLANG_WARN_NON_LITERAL_NULL_CONVERSION = YES;
				CLANG_WARN_OBJC_IMPLICIT_RETAIN_SELF = YES;
				CLANG_WARN_OBJC_LITERAL_CONVERSION = YES;
				CLANG_WARN_OBJC_ROOT_CLASS = YES_ERROR;
				CLANG_WARN_RANGE_LOOP_ANALYSIS = YES;
				CLANG_WARN_STRICT_PROTOTYPES = YES;
				CLANG_WARN_SUSPICIOUS_MOVE = YES;
				CLANG_WARN_UNGUARDED_AVAILABILITY = YES_AGGRESSIVE;
				CLANG_WARN_UNREACHABLE_CODE = YES;
				CLANG_WARN__DUPLICATE_METHOD_MATCH = YES;
				CODE_SIGN_IDENTITY = "iPhone Developer";
				COPY_PHASE_STRIP = NO;
				DEBUG_INFORMATION_FORMAT = "dwarf-with-dsym";
				ENABLE_NS_ASSERTIONS = NO;
				ENABLE_STRICT_OBJC_MSGSEND = YES;
				GCC_C_LANGUAGE_STANDARD = gnu11;
				GCC_NO_COMMON_BLOCKS = YES;
				GCC_WARN_64_TO_32_BIT_CONVERSION = YES;
				GCC_WARN_ABOUT_RETURN_TYPE = YES_ERROR;
				GCC_WARN_UNDECLARED_SELECTOR = YES;
				GCC_WARN_UNINITIALIZED_AUTOS = YES_AGGRESSIVE;
				GCC_WARN_UNUSED_FUNCTION = YES;
				GCC_WARN_UNUSED_VARIABLE = YES;
				IPHONEOS_DEPLOYMENT_TARGET = 12.0;
				MTL_ENABLE_DEBUG_INFO = NO;
				MTL_FAST_MATH = YES;
				ONLY_ACTIVE_ARCH = YES;
				SDKROOT = iphoneos;
				SWIFT_COMPILATION_MODE = wholemodule;
				SWIFT_OPTIMIZATION_LEVEL = "-O";
				VALIDATE_PRODUCT = YES;
			};
			name = Release;
		};
		96F3DB3E229F9144005E8A19 /* Debug */ = {
			isa = XCBuildConfiguration;
			baseConfigurationReference = DC62DC1756DCD4DDEC6B8D4F /* Pods-Mysterious.debug.xcconfig */;
			buildSettings = {
				ADDITIONAL_SDKS = iOS13;
				ASSETCATALOG_COMPILER_APPICON_NAME = AppIcon;
				CODE_SIGN_STYLE = Automatic;
				DEVELOPMENT_TEAM = M85N842CH3;
				INFOPLIST_FILE = Mysterious/Info.plist;
				LD_RUNPATH_SEARCH_PATHS = (
					"$(inherited)",
					"@executable_path/Frameworks",
				);
				PRODUCT_BUNDLE_IDENTIFIER = KaifanWei.Mysterious;
				PRODUCT_NAME = "$(TARGET_NAME)";
				SWIFT_VERSION = 4.2;
				TARGETED_DEVICE_FAMILY = 1;
			};
			name = Debug;
		};
		96F3DB3F229F9144005E8A19 /* Release */ = {
			isa = XCBuildConfiguration;
			baseConfigurationReference = 06CC211595ACE203C5AB03D7 /* Pods-Mysterious.release.xcconfig */;
			buildSettings = {
				ADDITIONAL_SDKS = iOS13;
				ASSETCATALOG_COMPILER_APPICON_NAME = AppIcon;
				CODE_SIGN_STYLE = Automatic;
				DEVELOPMENT_TEAM = M85N842CH3;
				INFOPLIST_FILE = Mysterious/Info.plist;
				LD_RUNPATH_SEARCH_PATHS = (
					"$(inherited)",
					"@executable_path/Frameworks",
				);
				PRODUCT_BUNDLE_IDENTIFIER = KaifanWei.Mysterious;
				PRODUCT_NAME = "$(TARGET_NAME)";
				SWIFT_VERSION = 4.2;
				TARGETED_DEVICE_FAMILY = 1;
			};
			name = Release;
		};
/* End XCBuildConfiguration section */

/* Begin XCConfigurationList section */
		96F3DB26229F9143005E8A19 /* Build configuration list for PBXProject "Mysterious" */ = {
			isa = XCConfigurationList;
			buildConfigurations = (
				96F3DB3B229F9144005E8A19 /* Debug */,
				96F3DB3C229F9144005E8A19 /* Release */,
			);
			defaultConfigurationIsVisible = 0;
			defaultConfigurationName = Release;
		};
		96F3DB3D229F9144005E8A19 /* Build configuration list for PBXNativeTarget "Mysterious" */ = {
			isa = XCConfigurationList;
			buildConfigurations = (
				96F3DB3E229F9144005E8A19 /* Debug */,
				96F3DB3F229F9144005E8A19 /* Release */,
			);
			defaultConfigurationIsVisible = 0;
			defaultConfigurationName = Release;
		};
/* End XCConfigurationList section */
	};
	rootObject = 96F3DB23229F9143005E8A19 /* Project object */;
}
